
Microsoft Visual Studio Solution File, Format Version 12.00
Project("{FAE04EC0-301F-11D3-BF4B-00C04F79EFBC}") = "LOJA", "LOJA\LOJA.csproj", "{2198201F-2830-4EC8-8B68-02672BFEE01E}"
EndProject
Global
	GlobalSection(SolutionConfigurationPlatforms) = preSolution
		Debug|Any CPU = Debug|Any CPU
		Release|Any CPU = Release|Any CPU
	EndGlobalSection
	GlobalSection(ProjectConfigurationPlatforms) = postSolution
		{2198201F-2830-4EC8-8B68-02672BFEE01E}.Debug|Any CPU.ActiveCfg = Debug|Any CPU
		{2198201F-2830-4EC8-8B68-02672BFEE01E}.Debug|Any CPU.Build.0 = Debug|Any CPU
		{2198201F-2830-4EC8-8B68-02672BFEE01E}.Release|Any CPU.ActiveCfg = Release|Any CPU
		{2198201F-2830-4EC8-8B68-02672BFEE01E}.Release|Any CPU.Build.0 = Release|Any CPU
	EndGlobalSection
EndGlobal
